lockVersion: 2.0.0
id: 7e0b1736-6ee7-4fc6-aee9-1d8a70a2e24c
management:
  docChecksum: e876399bbf1200c158726c2b042529bc
  docVersion: 2.0.0
  speakeasyVersion: 1.209.3
  generationVersion: 2.281.2
  releaseVersion: 0.0.1
  configChecksum: b1946b77f008e31c2265ccc7ab3570ff
features:
  unity:
    core: 1.4.2
    deprecations: 0.0.2
    flattening: 0.0.1
    globalSecurity: 0.2.3
    globalServerURLs: 0.0.4
    methodSecurity: 0.1.1
generatedFiles:
  - Openapi/Systems.cs
  - Openapi/Factions.cs
  - Openapi/Agents.cs
  - Openapi/Contracts.cs
  - Openapi/Fleet.cs
  - Openapi/SeUnitySDK.cs
  - global.json
  - Openapi/Utils/BigIntSerializer.cs
  - Openapi/Utils/DateOnly.cs
  - Openapi/Utils/DateOnlyConverter.cs
  - Openapi/Utils/DecimalSerializer.cs
  - Openapi/Utils/DownloadHandlerStream.cs
  - Openapi/Utils/EnumSerializer.cs
  - Openapi/Utils/FlexibleObjectDeserializer.cs
  - Openapi/Utils/HeaderSerializer.cs
  - Openapi/Utils/IsoDateTimeSerializer.cs
  - Openapi/Utils/MemoryQueueBufferStream.cs
  - Openapi/Utils/RequestBodySerializer.cs
  - Openapi/Utils/SecuritySerializer.cs
  - Openapi/Utils/SpeakeasyHttpClient.cs
  - Openapi/Utils/SpeakeasyMetadata.cs
  - Openapi/Utils/URLBuilder.cs
  - Openapi/Utils/Utilities.cs
  - Openapi/Openapi.csproj
  - Openapi.sln
  - Openapi/Models/Requests/Stats.cs
  - Openapi/Models/Requests/MostCredits.cs
  - Openapi/Models/Requests/MostSubmittedCharts.cs
  - Openapi/Models/Requests/Leaderboards.cs
  - Openapi/Models/Requests/ServerResets.cs
  - Openapi/Models/Requests/Announcements.cs
  - Openapi/Models/Requests/Links.cs
  - Openapi/Models/Requests/GetStatusResponseBody.cs
  - Openapi/Models/Requests/GetStatusResponse.cs
  - Openapi/Models/Requests/RegisterRequestBody.cs
  - Openapi/Models/Requests/Data.cs
  - Openapi/Models/Requests/RegisterResponseBody.cs
  - Openapi/Models/Requests/RegisterResponse.cs
  - Openapi/Models/Requests/GetSystemsRequest.cs
  - Openapi/Models/Requests/GetSystemsResponseBody.cs
  - Openapi/Models/Requests/GetSystemsResponse.cs
  - Openapi/Models/Requests/GetSystemRequest.cs
  - Openapi/Models/Requests/GetSystemResponseBody.cs
  - Openapi/Models/Requests/GetSystemResponse.cs
  - Openapi/Models/Requests/GetSystemWaypointsRequest.cs
  - Openapi/Models/Requests/GetSystemWaypointsResponseBody.cs
  - Openapi/Models/Requests/GetSystemWaypointsResponse.cs
  - Openapi/Models/Requests/GetWaypointRequest.cs
  - Openapi/Models/Requests/GetWaypointResponseBody.cs
  - Openapi/Models/Requests/GetWaypointResponse.cs
  - Openapi/Models/Requests/GetMarketRequest.cs
  - Openapi/Models/Requests/GetMarketResponseBody.cs
  - Openapi/Models/Requests/GetMarketResponse.cs
  - Openapi/Models/Requests/GetShipyardRequest.cs
  - Openapi/Models/Requests/GetShipyardResponseBody.cs
  - Openapi/Models/Requests/GetShipyardResponse.cs
  - Openapi/Models/Requests/GetJumpGateRequest.cs
  - Openapi/Models/Requests/GetJumpGateResponseBody.cs
  - Openapi/Models/Requests/GetJumpGateResponse.cs
  - Openapi/Models/Requests/GetConstructionRequest.cs
  - Openapi/Models/Requests/GetConstructionResponseBody.cs
  - Openapi/Models/Requests/GetConstructionResponse.cs
  - Openapi/Models/Requests/SupplyConstructionSecurity.cs
  - Openapi/Models/Requests/SupplyConstructionRequestBody.cs
  - Openapi/Models/Requests/SupplyConstructionRequest.cs
  - Openapi/Models/Requests/SupplyConstructionData.cs
  - Openapi/Models/Requests/SupplyConstructionResponseBody.cs
  - Openapi/Models/Requests/SupplyConstructionResponse.cs
  - Openapi/Models/Requests/GetFactionsRequest.cs
  - Openapi/Models/Requests/GetFactionsResponseBody.cs
  - Openapi/Models/Requests/GetFactionsResponse.cs
  - Openapi/Models/Requests/GetFactionRequest.cs
  - Openapi/Models/Requests/GetFactionResponseBody.cs
  - Openapi/Models/Requests/GetFactionResponse.cs
  - Openapi/Models/Requests/GetMyAgentSecurity.cs
  - Openapi/Models/Requests/GetMyAgentResponseBody.cs
  - Openapi/Models/Requests/GetMyAgentResponse.cs
  - Openapi/Models/Requests/GetAgentsRequest.cs
  - Openapi/Models/Requests/GetAgentsResponseBody.cs
  - Openapi/Models/Requests/GetAgentsResponse.cs
  - Openapi/Models/Requests/GetAgentRequest.cs
  - Openapi/Models/Requests/GetAgentResponseBody.cs
  - Openapi/Models/Requests/GetAgentResponse.cs
  - Openapi/Models/Requests/GetContractsSecurity.cs
  - Openapi/Models/Requests/GetContractsRequest.cs
  - Openapi/Models/Requests/GetContractsResponseBody.cs
  - Openapi/Models/Requests/GetContractsResponse.cs
  - Openapi/Models/Requests/GetContractSecurity.cs
  - Openapi/Models/Requests/GetContractRequest.cs
  - Openapi/Models/Requests/GetContractResponseBody.cs
  - Openapi/Models/Requests/GetContractResponse.cs
  - Openapi/Models/Requests/AcceptContractSecurity.cs
  - Openapi/Models/Requests/AcceptContractRequest.cs
  - Openapi/Models/Requests/AcceptContractData.cs
  - Openapi/Models/Requests/AcceptContractResponseBody.cs
  - Openapi/Models/Requests/AcceptContractResponse.cs
  - Openapi/Models/Requests/DeliverContractSecurity.cs
  - Openapi/Models/Requests/DeliverContractRequestBody.cs
  - Openapi/Models/Requests/DeliverContractRequest.cs
  - Openapi/Models/Requests/DeliverContractData.cs
  - Openapi/Models/Requests/DeliverContractResponseBody.cs
  - Openapi/Models/Requests/DeliverContractResponse.cs
  - Openapi/Models/Requests/FulfillContractSecurity.cs
  - Openapi/Models/Requests/FulfillContractRequest.cs
  - Openapi/Models/Requests/FulfillContractData.cs
  - Openapi/Models/Requests/FulfillContractResponseBody.cs
  - Openapi/Models/Requests/FulfillContractResponse.cs
  - Openapi/Models/Requests/GetMyShipsSecurity.cs
  - Openapi/Models/Requests/GetMyShipsRequest.cs
  - Openapi/Models/Requests/GetMyShipsResponseBody.cs
  - Openapi/Models/Requests/GetMyShipsResponse.cs
  - Openapi/Models/Requests/PurchaseShipSecurity.cs
  - Openapi/Models/Requests/PurchaseShipRequestBody.cs
  - Openapi/Models/Requests/PurchaseShipData.cs
  - Openapi/Models/Requests/PurchaseShipResponseBody.cs
  - Openapi/Models/Requests/PurchaseShipResponse.cs
  - Openapi/Models/Requests/GetMyShipSecurity.cs
  - Openapi/Models/Requests/GetMyShipRequest.cs
  - Openapi/Models/Requests/GetMyShipResponseBody.cs
  - Openapi/Models/Requests/GetMyShipResponse.cs
  - Openapi/Models/Requests/GetMyShipCargoSecurity.cs
  - Openapi/Models/Requests/GetMyShipCargoRequest.cs
  - Openapi/Models/Requests/GetMyShipCargoResponseBody.cs
  - Openapi/Models/Requests/GetMyShipCargoResponse.cs
  - Openapi/Models/Requests/OrbitShipSecurity.cs
  - Openapi/Models/Requests/OrbitShipRequest.cs
  - Openapi/Models/Requests/OrbitShipData.cs
  - Openapi/Models/Requests/OrbitShipOrbitShip200Response.cs
  - Openapi/Models/Requests/OrbitShipResponse.cs
  - Openapi/Models/Requests/ShipRefineSecurity.cs
  - Openapi/Models/Requests/Produce.cs
  - Openapi/Models/Requests/ShipRefineRequestBody.cs
  - Openapi/Models/Requests/ShipRefineRequest.cs
  - Openapi/Models/Requests/Produced.cs
  - Openapi/Models/Requests/Consumed.cs
  - Openapi/Models/Requests/ShipRefineData.cs
  - Openapi/Models/Requests/ShipRefineShipRefine201Response.cs
  - Openapi/Models/Requests/ShipRefineResponse.cs
  - Openapi/Models/Requests/CreateChartSecurity.cs
  - Openapi/Models/Requests/CreateChartRequest.cs
  - Openapi/Models/Requests/CreateChartData.cs
  - Openapi/Models/Requests/CreateChartResponseBody.cs
  - Openapi/Models/Requests/CreateChartResponse.cs
  - Openapi/Models/Requests/GetShipCooldownSecurity.cs
  - Openapi/Models/Requests/GetShipCooldownRequest.cs
  - Openapi/Models/Requests/GetShipCooldownResponseBody.cs
  - Openapi/Models/Requests/GetShipCooldownResponse.cs
  - Openapi/Models/Requests/DockShipSecurity.cs
  - Openapi/Models/Requests/DockShipRequest.cs
  - Openapi/Models/Requests/DockShipData.cs
  - Openapi/Models/Requests/DockShipDockShip200Response.cs
  - Openapi/Models/Requests/DockShipResponse.cs
  - Openapi/Models/Requests/CreateSurveySecurity.cs
  - Openapi/Models/Requests/CreateSurveyRequest.cs
  - Openapi/Models/Requests/CreateSurveyData.cs
  - Openapi/Models/Requests/CreateSurveyResponseBody.cs
  - Openapi/Models/Requests/CreateSurveyResponse.cs
  - Openapi/Models/Requests/ExtractResourcesSecurity.cs
  - Openapi/Models/Requests/ExtractResourcesRequestBody.cs
  - Openapi/Models/Requests/ExtractResourcesRequest.cs
  - Openapi/Models/Requests/ExtractResourcesData.cs
  - Openapi/Models/Requests/ExtractResourcesResponseBody.cs
  - Openapi/Models/Requests/ExtractResourcesResponse.cs
  - Openapi/Models/Requests/SiphonResourcesSecurity.cs
  - Openapi/Models/Requests/SiphonResourcesRequest.cs
  - Openapi/Models/Requests/SiphonResourcesData.cs
  - Openapi/Models/Requests/SiphonResourcesResponseBody.cs
  - Openapi/Models/Requests/SiphonResourcesResponse.cs
  - Openapi/Models/Requests/ExtractResourcesWithSurveySecurity.cs
  - Openapi/Models/Requests/ExtractResourcesWithSurveyRequest.cs
  - Openapi/Models/Requests/ExtractResourcesWithSurveyData.cs
  - Openapi/Models/Requests/ExtractResourcesWithSurveyResponseBody.cs
  - Openapi/Models/Requests/ExtractResourcesWithSurveyResponse.cs
  - Openapi/Models/Requests/JettisonSecurity.cs
  - Openapi/Models/Requests/JettisonRequestBody.cs
  - Openapi/Models/Requests/JettisonRequest.cs
  - Openapi/Models/Requests/JettisonData.cs
  - Openapi/Models/Requests/JettisonResponseBody.cs
  - Openapi/Models/Requests/JettisonResponse.cs
  - Openapi/Models/Requests/JumpShipSecurity.cs
  - Openapi/Models/Requests/JumpShipRequestBody.cs
  - Openapi/Models/Requests/JumpShipRequest.cs
  - Openapi/Models/Requests/JumpShipData.cs
  - Openapi/Models/Requests/JumpShipResponseBody.cs
  - Openapi/Models/Requests/JumpShipResponse.cs
  - Openapi/Models/Requests/NavigateShipSecurity.cs
  - Openapi/Models/Requests/NavigateShipRequestBody.cs
  - Openapi/Models/Requests/NavigateShipRequest.cs
  - Openapi/Models/Requests/NavigateShipData.cs
  - Openapi/Models/Requests/NavigateShipResponseBody.cs
  - Openapi/Models/Requests/NavigateShipResponse.cs
  - Openapi/Models/Requests/PatchShipNavSecurity.cs
  - Openapi/Models/Requests/PatchShipNavRequestBody.cs
  - Openapi/Models/Requests/PatchShipNavRequest.cs
  - Openapi/Models/Requests/PatchShipNavResponseBody.cs
  - Openapi/Models/Requests/PatchShipNavResponse.cs
  - Openapi/Models/Requests/GetShipNavSecurity.cs
  - Openapi/Models/Requests/GetShipNavRequest.cs
  - Openapi/Models/Requests/GetShipNavResponseBody.cs
  - Openapi/Models/Requests/GetShipNavResponse.cs
  - Openapi/Models/Requests/WarpShipSecurity.cs
  - Openapi/Models/Requests/WarpShipRequestBody.cs
  - Openapi/Models/Requests/WarpShipRequest.cs
  - Openapi/Models/Requests/WarpShipData.cs
  - Openapi/Models/Requests/WarpShipResponseBody.cs
  - Openapi/Models/Requests/WarpShipResponse.cs
  - Openapi/Models/Requests/SellCargoSecurity.cs
  - Openapi/Models/Requests/SellCargoSellCargoRequest.cs
  - Openapi/Models/Requests/SellCargoRequest.cs
  - Openapi/Models/Requests/SellCargoData.cs
  - Openapi/Models/Requests/SellCargoSellCargo201Response.cs
  - Openapi/Models/Requests/SellCargoResponse.cs
  - Openapi/Models/Requests/CreateShipSystemScanSecurity.cs
  - Openapi/Models/Requests/CreateShipSystemScanRequest.cs
  - Openapi/Models/Requests/CreateShipSystemScanData.cs
  - Openapi/Models/Requests/CreateShipSystemScanResponseBody.cs
  - Openapi/Models/Requests/CreateShipSystemScanResponse.cs
  - Openapi/Models/Requests/CreateShipWaypointScanSecurity.cs
  - Openapi/Models/Requests/CreateShipWaypointScanRequest.cs
  - Openapi/Models/Requests/CreateShipWaypointScanData.cs
  - Openapi/Models/Requests/CreateShipWaypointScanResponseBody.cs
  - Openapi/Models/Requests/CreateShipWaypointScanResponse.cs
  - Openapi/Models/Requests/CreateShipShipScanSecurity.cs
  - Openapi/Models/Requests/CreateShipShipScanRequest.cs
  - Openapi/Models/Requests/CreateShipShipScanData.cs
  - Openapi/Models/Requests/CreateShipShipScanResponseBody.cs
  - Openapi/Models/Requests/CreateShipShipScanResponse.cs
  - Openapi/Models/Requests/RefuelShipSecurity.cs
  - Openapi/Models/Requests/RefuelShipRequestBody.cs
  - Openapi/Models/Requests/RefuelShipRequest.cs
  - Openapi/Models/Requests/RefuelShipData.cs
  - Openapi/Models/Requests/RefuelShipResponseBody.cs
  - Openapi/Models/Requests/RefuelShipResponse.cs
  - Openapi/Models/Requests/PurchaseCargoSecurity.cs
  - Openapi/Models/Requests/PurchaseCargoPurchaseCargoRequest.cs
  - Openapi/Models/Requests/PurchaseCargoRequest.cs
  - Openapi/Models/Requests/PurchaseCargoData.cs
  - Openapi/Models/Requests/PurchaseCargoPurchaseCargo201Response.cs
  - Openapi/Models/Requests/PurchaseCargoResponse.cs
  - Openapi/Models/Requests/TransferCargoSecurity.cs
  - Openapi/Models/Requests/TransferCargoTransferCargoRequest.cs
  - Openapi/Models/Requests/TransferCargoRequest.cs
  - Openapi/Models/Requests/TransferCargoData.cs
  - Openapi/Models/Requests/TransferCargoTransferCargo200Response.cs
  - Openapi/Models/Requests/TransferCargoResponse.cs
  - Openapi/Models/Requests/NegotiateContractSecurity.cs
  - Openapi/Models/Requests/NegotiateContractRequest.cs
  - Openapi/Models/Requests/NegotiateContractData.cs
  - Openapi/Models/Requests/NegotiateContractNegotiateContract200Response.cs
  - Openapi/Models/Requests/NegotiateContractResponse.cs
  - Openapi/Models/Requests/GetMountsSecurity.cs
  - Openapi/Models/Requests/GetMountsRequest.cs
  - Openapi/Models/Requests/GetMountsGetMounts200Response.cs
  - Openapi/Models/Requests/GetMountsResponse.cs
  - Openapi/Models/Requests/InstallMountSecurity.cs
  - Openapi/Models/Requests/InstallMountInstallMountRequest.cs
  - Openapi/Models/Requests/InstallMountRequest.cs
  - Openapi/Models/Requests/InstallMountData.cs
  - Openapi/Models/Requests/InstallMountInstallMount201Response.cs
  - Openapi/Models/Requests/InstallMountResponse.cs
  - Openapi/Models/Requests/RemoveMountSecurity.cs
  - Openapi/Models/Requests/RemoveMountRemoveMountRequest.cs
  - Openapi/Models/Requests/RemoveMountRequest.cs
  - Openapi/Models/Requests/RemoveMountData.cs
  - Openapi/Models/Requests/RemoveMountRemoveMount201Response.cs
  - Openapi/Models/Requests/RemoveMountResponse.cs
  - Openapi/Models/Requests/GetScrapShipSecurity.cs
  - Openapi/Models/Requests/GetScrapShipRequest.cs
  - Openapi/Models/Requests/GetScrapShipData.cs
  - Openapi/Models/Requests/GetScrapShipResponseBody.cs
  - Openapi/Models/Requests/GetScrapShipResponse.cs
  - Openapi/Models/Requests/ScrapShipSecurity.cs
  - Openapi/Models/Requests/ScrapShipRequest.cs
  - Openapi/Models/Requests/ScrapShipData.cs
  - Openapi/Models/Requests/ScrapShipResponseBody.cs
  - Openapi/Models/Requests/ScrapShipResponse.cs
  - Openapi/Models/Requests/GetRepairShipSecurity.cs
  - Openapi/Models/Requests/GetRepairShipRequest.cs
  - Openapi/Models/Requests/GetRepairShipData.cs
  - Openapi/Models/Requests/GetRepairShipResponseBody.cs
  - Openapi/Models/Requests/GetRepairShipResponse.cs
  - Openapi/Models/Requests/RepairShipSecurity.cs
  - Openapi/Models/Requests/RepairShipRequest.cs
  - Openapi/Models/Requests/RepairShipData.cs
  - Openapi/Models/Requests/RepairShipResponseBody.cs
  - Openapi/Models/Requests/RepairShipResponse.cs
  - Openapi/Models/Components/ShipRoleJson.cs
  - Openapi/Models/Components/ShipRegistrationJson.cs
  - Openapi/Models/Components/WaypointTypeJsonWaypointTypeJson.cs
  - Openapi/Models/Components/ShipNavRouteWaypointJson.cs
  - Openapi/Models/Components/ShipNavRouteJson.cs
  - Openapi/Models/Components/ShipNavStatusJson.cs
  - Openapi/Models/Components/ShipNavFlightModeJsonShipNavFlightModeJson.cs
  - Openapi/Models/Components/ShipNavJsonShipNavJson.cs
  - Openapi/Models/Components/Rotation.cs
  - Openapi/Models/Components/ShipCrewJson.cs
  - Openapi/Models/Components/Symbol.cs
  - Openapi/Models/Components/ShipFrameJson.cs
  - Openapi/Models/Components/ShipReactorJsonSymbol.cs
  - Openapi/Models/Components/ShipReactorJson.cs
  - Openapi/Models/Components/ShipEngineJsonSymbol.cs
  - Openapi/Models/Components/ShipEngineJson.cs
  - Openapi/Models/Components/CooldownJsonCooldownJson.cs
  - Openapi/Models/Components/ShipModuleJsonSymbol.cs
  - Openapi/Models/Components/ShipModuleJson.cs
  - Openapi/Models/Components/ShipMountJsonSymbol.cs
  - Openapi/Models/Components/Deposits.cs
  - Openapi/Models/Components/ShipRequirementsJson.cs
  - Openapi/Models/Components/ShipMountJsonShipMountJson.cs
  - Openapi/Models/Components/TradeSymbolJsonTradeSymbolJson.cs
  - Openapi/Models/Components/ShipCargoItemJson.cs
  - Openapi/Models/Components/ShipCargoJsonShipCargoJson.cs
  - Openapi/Models/Components/Consumed.cs
  - Openapi/Models/Components/ShipFuelJsonShipFuelJson.cs
  - Openapi/Models/Components/ShipJson.cs
  - Openapi/Models/Components/FactionSymbolJsonFactionSymbolJson.cs
  - Openapi/Models/Components/FactionTraitSymbolJson.cs
  - Openapi/Models/Components/FactionTraitJson.cs
  - Openapi/Models/Components/FactionJson.cs
  - Openapi/Models/Components/Type.cs
  - Openapi/Models/Components/ContractPaymentJson.cs
  - Openapi/Models/Components/ContractDeliverGoodJson.cs
  - Openapi/Models/Components/ContractTermsJson.cs
  - Openapi/Models/Components/ContractJson.cs
  - Openapi/Models/Components/AgentJson.cs
  - Openapi/Models/Components/FactionSymbolJson.cs
  - Openapi/Models/Components/MetaJson.cs
  - Openapi/Models/Components/SystemTypeJson.cs
  - Openapi/Models/Components/WaypointOrbitalJson.cs
  - Openapi/Models/Components/SystemWaypointJson.cs
  - Openapi/Models/Components/SystemFactionJson.cs
  - Openapi/Models/Components/SystemJson.cs
  - Openapi/Models/Components/WaypointFactionJson.cs
  - Openapi/Models/Components/WaypointTraitSymbolJson.cs
  - Openapi/Models/Components/WaypointTraitJson.cs
  - Openapi/Models/Components/WaypointModifierSymbolJson.cs
  - Openapi/Models/Components/WaypointModifierJson.cs
  - Openapi/Models/Components/ChartJsonChartJson.cs
  - Openapi/Models/Components/WaypointJson.cs
  - Openapi/Models/Components/WaypointTypeJson.cs
  - Openapi/Models/Components/TradeGoodJson.cs
  - Openapi/Models/Components/MarketTransactionJsonType.cs
  - Openapi/Models/Components/MarketTransactionJsonMarketTransactionJson.cs
  - Openapi/Models/Components/MarketTradeGoodJsonType.cs
  - Openapi/Models/Components/SupplyLevelJson.cs
  - Openapi/Models/Components/ActivityLevelJson.cs
  - Openapi/Models/Components/MarketTradeGoodJson.cs
  - Openapi/Models/Components/MarketJson.cs
  - Openapi/Models/Components/ShipTypes.cs
  - Openapi/Models/Components/ShipyardTransactionJsonShipyardTransactionJson.cs
  - Openapi/Models/Components/ShipTypeJsonShipTypeJson.cs
  - Openapi/Models/Components/Crew.cs
  - Openapi/Models/Components/ShipyardShipJson.cs
  - Openapi/Models/Components/ShipyardJson.cs
  - Openapi/Models/Components/JumpGateJson.cs
  - Openapi/Models/Components/ConstructionMaterialJson.cs
  - Openapi/Models/Components/ConstructionJson.cs
  - Openapi/Models/Components/ShipCargoJson.cs
  - Openapi/Models/Components/ShipyardTransactionJson.cs
  - Openapi/Models/Components/ShipTypeJson.cs
  - Openapi/Models/Components/ShipNavJson.cs
  - Openapi/Models/Components/CooldownJson.cs
  - Openapi/Models/Components/ChartJson.cs
  - Openapi/Models/Components/SurveyDepositJson.cs
  - Openapi/Models/Components/Size.cs
  - Openapi/Models/Components/SurveyJson.cs
  - Openapi/Models/Components/ExtractionYieldJson.cs
  - Openapi/Models/Components/ExtractionJson.cs
  - Openapi/Models/Components/SiphonYieldJson.cs
  - Openapi/Models/Components/SiphonJson.cs
  - Openapi/Models/Components/TradeSymbolJson.cs
  - Openapi/Models/Components/MarketTransactionJsonType1.cs
  - Openapi/Models/Components/MarketTransactionJson.cs
  - Openapi/Models/Components/ShipFuelJsonConsumed.cs
  - Openapi/Models/Components/ShipFuelJson.cs
  - Openapi/Models/Components/ShipNavFlightModeJson.cs
  - Openapi/Models/Components/ScannedSystemJson.cs
  - Openapi/Models/Components/ScannedWaypointJson.cs
  - Openapi/Models/Components/Frame.cs
  - Openapi/Models/Components/Reactor.cs
  - Openapi/Models/Components/Engine.cs
  - Openapi/Models/Components/Mounts.cs
  - Openapi/Models/Components/ScannedShipJson.cs
  - Openapi/Models/Components/ShipMountJsonSymbol1.cs
  - Openapi/Models/Components/ShipMountJsonDeposits.cs
  - Openapi/Models/Components/ShipMountJson.cs
  - Openapi/Models/Components/ShipModificationTransactionJson.cs
  - Openapi/Models/Components/ScrapTransactionJson.cs
  - Openapi/Models/Components/RepairTransactionJson.cs
  - Openapi/Models/Components/Security.cs
  - docs/Models/Requests/Stats.md
  - docs/Models/Requests/MostCredits.md
  - docs/Models/Requests/MostSubmittedCharts.md
  - docs/Models/Requests/Leaderboards.md
  - docs/Models/Requests/ServerResets.md
  - docs/Models/Requests/Announcements.md
  - docs/Models/Requests/Links.md
  - docs/Models/Requests/GetStatusResponseBody.md
  - docs/Models/Requests/GetStatusResponse.md
  - docs/Models/Requests/RegisterRequestBody.md
  - docs/Models/Requests/Data.md
  - docs/Models/Requests/RegisterResponseBody.md
  - docs/Models/Requests/RegisterResponse.md
  - docs/Models/Requests/GetSystemsRequest.md
  - docs/Models/Requests/GetSystemsResponseBody.md
  - docs/Models/Requests/GetSystemsResponse.md
  - docs/Models/Requests/GetSystemRequest.md
  - docs/Models/Requests/GetSystemResponseBody.md
  - docs/Models/Requests/GetSystemResponse.md
  - docs/Models/Requests/GetSystemWaypointsRequest.md
  - docs/Models/Requests/GetSystemWaypointsResponseBody.md
  - docs/Models/Requests/GetSystemWaypointsResponse.md
  - docs/Models/Requests/GetWaypointRequest.md
  - docs/Models/Requests/GetWaypointResponseBody.md
  - docs/Models/Requests/GetWaypointResponse.md
  - docs/Models/Requests/GetMarketRequest.md
  - docs/Models/Requests/GetMarketResponseBody.md
  - docs/Models/Requests/GetMarketResponse.md
  - docs/Models/Requests/GetShipyardRequest.md
  - docs/Models/Requests/GetShipyardResponseBody.md
  - docs/Models/Requests/GetShipyardResponse.md
  - docs/Models/Requests/GetJumpGateRequest.md
  - docs/Models/Requests/GetJumpGateResponseBody.md
  - docs/Models/Requests/GetJumpGateResponse.md
  - docs/Models/Requests/GetConstructionRequest.md
  - docs/Models/Requests/GetConstructionResponseBody.md
  - docs/Models/Requests/GetConstructionResponse.md
  - docs/Models/Requests/SupplyConstructionSecurity.md
  - docs/Models/Requests/SupplyConstructionRequestBody.md
  - docs/Models/Requests/SupplyConstructionRequest.md
  - docs/Models/Requests/SupplyConstructionData.md
  - docs/Models/Requests/SupplyConstructionResponseBody.md
  - docs/Models/Requests/SupplyConstructionResponse.md
  - docs/Models/Requests/GetFactionsRequest.md
  - docs/Models/Requests/GetFactionsResponseBody.md
  - docs/Models/Requests/GetFactionsResponse.md
  - docs/Models/Requests/GetFactionRequest.md
  - docs/Models/Requests/GetFactionResponseBody.md
  - docs/Models/Requests/GetFactionResponse.md
  - docs/Models/Requests/GetMyAgentSecurity.md
  - docs/Models/Requests/GetMyAgentResponseBody.md
  - docs/Models/Requests/GetMyAgentResponse.md
  - docs/Models/Requests/GetAgentsRequest.md
  - docs/Models/Requests/GetAgentsResponseBody.md
  - docs/Models/Requests/GetAgentsResponse.md
  - docs/Models/Requests/GetAgentRequest.md
  - docs/Models/Requests/GetAgentResponseBody.md
  - docs/Models/Requests/GetAgentResponse.md
  - docs/Models/Requests/GetContractsSecurity.md
  - docs/Models/Requests/GetContractsRequest.md
  - docs/Models/Requests/GetContractsResponseBody.md
  - docs/Models/Requests/GetContractsResponse.md
  - docs/Models/Requests/GetContractSecurity.md
  - docs/Models/Requests/GetContractRequest.md
  - docs/Models/Requests/GetContractResponseBody.md
  - docs/Models/Requests/GetContractResponse.md
  - docs/Models/Requests/AcceptContractSecurity.md
  - docs/Models/Requests/AcceptContractRequest.md
  - docs/Models/Requests/AcceptContractData.md
  - docs/Models/Requests/AcceptContractResponseBody.md
  - docs/Models/Requests/AcceptContractResponse.md
  - docs/Models/Requests/DeliverContractSecurity.md
  - docs/Models/Requests/DeliverContractRequestBody.md
  - docs/Models/Requests/DeliverContractRequest.md
  - docs/Models/Requests/DeliverContractData.md
  - docs/Models/Requests/DeliverContractResponseBody.md
  - docs/Models/Requests/DeliverContractResponse.md
  - docs/Models/Requests/FulfillContractSecurity.md
  - docs/Models/Requests/FulfillContractRequest.md
  - docs/Models/Requests/FulfillContractData.md
  - docs/Models/Requests/FulfillContractResponseBody.md
  - docs/Models/Requests/FulfillContractResponse.md
  - docs/Models/Requests/GetMyShipsSecurity.md
  - docs/Models/Requests/GetMyShipsRequest.md
  - docs/Models/Requests/GetMyShipsResponseBody.md
  - docs/Models/Requests/GetMyShipsResponse.md
  - docs/Models/Requests/PurchaseShipSecurity.md
  - docs/Models/Requests/PurchaseShipRequestBody.md
  - docs/Models/Requests/PurchaseShipData.md
  - docs/Models/Requests/PurchaseShipResponseBody.md
  - docs/Models/Requests/PurchaseShipResponse.md
  - docs/Models/Requests/GetMyShipSecurity.md
  - docs/Models/Requests/GetMyShipRequest.md
  - docs/Models/Requests/GetMyShipResponseBody.md
  - docs/Models/Requests/GetMyShipResponse.md
  - docs/Models/Requests/GetMyShipCargoSecurity.md
  - docs/Models/Requests/GetMyShipCargoRequest.md
  - docs/Models/Requests/GetMyShipCargoResponseBody.md
  - docs/Models/Requests/GetMyShipCargoResponse.md
  - docs/Models/Requests/OrbitShipSecurity.md
  - docs/Models/Requests/OrbitShipRequest.md
  - docs/Models/Requests/OrbitShipData.md
  - docs/Models/Requests/OrbitShipOrbitShip200Response.md
  - docs/Models/Requests/OrbitShipResponse.md
  - docs/Models/Requests/ShipRefineSecurity.md
  - docs/Models/Requests/Produce.md
  - docs/Models/Requests/ShipRefineRequestBody.md
  - docs/Models/Requests/ShipRefineRequest.md
  - docs/Models/Requests/Produced.md
  - docs/Models/Requests/Consumed.md
  - docs/Models/Requests/ShipRefineData.md
  - docs/Models/Requests/ShipRefineShipRefine201Response.md
  - docs/Models/Requests/ShipRefineResponse.md
  - docs/Models/Requests/CreateChartSecurity.md
  - docs/Models/Requests/CreateChartRequest.md
  - docs/Models/Requests/CreateChartData.md
  - docs/Models/Requests/CreateChartResponseBody.md
  - docs/Models/Requests/CreateChartResponse.md
  - docs/Models/Requests/GetShipCooldownSecurity.md
  - docs/Models/Requests/GetShipCooldownRequest.md
  - docs/Models/Requests/GetShipCooldownResponseBody.md
  - docs/Models/Requests/GetShipCooldownResponse.md
  - docs/Models/Requests/DockShipSecurity.md
  - docs/Models/Requests/DockShipRequest.md
  - docs/Models/Requests/DockShipData.md
  - docs/Models/Requests/DockShipDockShip200Response.md
  - docs/Models/Requests/DockShipResponse.md
  - docs/Models/Requests/CreateSurveySecurity.md
  - docs/Models/Requests/CreateSurveyRequest.md
  - docs/Models/Requests/CreateSurveyData.md
  - docs/Models/Requests/CreateSurveyResponseBody.md
  - docs/Models/Requests/CreateSurveyResponse.md
  - docs/Models/Requests/ExtractResourcesSecurity.md
  - docs/Models/Requests/ExtractResourcesRequestBody.md
  - docs/Models/Requests/ExtractResourcesRequest.md
  - docs/Models/Requests/ExtractResourcesData.md
  - docs/Models/Requests/ExtractResourcesResponseBody.md
  - docs/Models/Requests/ExtractResourcesResponse.md
  - docs/Models/Requests/SiphonResourcesSecurity.md
  - docs/Models/Requests/SiphonResourcesRequest.md
  - docs/Models/Requests/SiphonResourcesData.md
  - docs/Models/Requests/SiphonResourcesResponseBody.md
  - docs/Models/Requests/SiphonResourcesResponse.md
  - docs/Models/Requests/ExtractResourcesWithSurveySecurity.md
  - docs/Models/Requests/ExtractResourcesWithSurveyRequest.md
  - docs/Models/Requests/ExtractResourcesWithSurveyData.md
  - docs/Models/Requests/ExtractResourcesWithSurveyResponseBody.md
  - docs/Models/Requests/ExtractResourcesWithSurveyResponse.md
  - docs/Models/Requests/JettisonSecurity.md
  - docs/Models/Requests/JettisonRequestBody.md
  - docs/Models/Requests/JettisonRequest.md
  - docs/Models/Requests/JettisonData.md
  - docs/Models/Requests/JettisonResponseBody.md
  - docs/Models/Requests/JettisonResponse.md
  - docs/Models/Requests/JumpShipSecurity.md
  - docs/Models/Requests/JumpShipRequestBody.md
  - docs/Models/Requests/JumpShipRequest.md
  - docs/Models/Requests/JumpShipData.md
  - docs/Models/Requests/JumpShipResponseBody.md
  - docs/Models/Requests/JumpShipResponse.md
  - docs/Models/Requests/NavigateShipSecurity.md
  - docs/Models/Requests/NavigateShipRequestBody.md
  - docs/Models/Requests/NavigateShipRequest.md
  - docs/Models/Requests/NavigateShipData.md
  - docs/Models/Requests/NavigateShipResponseBody.md
  - docs/Models/Requests/NavigateShipResponse.md
  - docs/Models/Requests/PatchShipNavSecurity.md
  - docs/Models/Requests/PatchShipNavRequestBody.md
  - docs/Models/Requests/PatchShipNavRequest.md
  - docs/Models/Requests/PatchShipNavResponseBody.md
  - docs/Models/Requests/PatchShipNavResponse.md
  - docs/Models/Requests/GetShipNavSecurity.md
  - docs/Models/Requests/GetShipNavRequest.md
  - docs/Models/Requests/GetShipNavResponseBody.md
  - docs/Models/Requests/GetShipNavResponse.md
  - docs/Models/Requests/WarpShipSecurity.md
  - docs/Models/Requests/WarpShipRequestBody.md
  - docs/Models/Requests/WarpShipRequest.md
  - docs/Models/Requests/WarpShipData.md
  - docs/Models/Requests/WarpShipResponseBody.md
  - docs/Models/Requests/WarpShipResponse.md
  - docs/Models/Requests/SellCargoSecurity.md
  - docs/Models/Requests/SellCargoSellCargoRequest.md
  - docs/Models/Requests/SellCargoRequest.md
  - docs/Models/Requests/SellCargoData.md
  - docs/Models/Requests/SellCargoSellCargo201Response.md
  - docs/Models/Requests/SellCargoResponse.md
  - docs/Models/Requests/CreateShipSystemScanSecurity.md
  - docs/Models/Requests/CreateShipSystemScanRequest.md
  - docs/Models/Requests/CreateShipSystemScanData.md
  - docs/Models/Requests/CreateShipSystemScanResponseBody.md
  - docs/Models/Requests/CreateShipSystemScanResponse.md
  - docs/Models/Requests/CreateShipWaypointScanSecurity.md
  - docs/Models/Requests/CreateShipWaypointScanRequest.md
  - docs/Models/Requests/CreateShipWaypointScanData.md
  - docs/Models/Requests/CreateShipWaypointScanResponseBody.md
  - docs/Models/Requests/CreateShipWaypointScanResponse.md
  - docs/Models/Requests/CreateShipShipScanSecurity.md
  - docs/Models/Requests/CreateShipShipScanRequest.md
  - docs/Models/Requests/CreateShipShipScanData.md
  - docs/Models/Requests/CreateShipShipScanResponseBody.md
  - docs/Models/Requests/CreateShipShipScanResponse.md
  - docs/Models/Requests/RefuelShipSecurity.md
  - docs/Models/Requests/RefuelShipRequestBody.md
  - docs/Models/Requests/RefuelShipRequest.md
  - docs/Models/Requests/RefuelShipData.md
  - docs/Models/Requests/RefuelShipResponseBody.md
  - docs/Models/Requests/RefuelShipResponse.md
  - docs/Models/Requests/PurchaseCargoSecurity.md
  - docs/Models/Requests/PurchaseCargoPurchaseCargoRequest.md
  - docs/Models/Requests/PurchaseCargoRequest.md
  - docs/Models/Requests/PurchaseCargoData.md
  - docs/Models/Requests/PurchaseCargoPurchaseCargo201Response.md
  - docs/Models/Requests/PurchaseCargoResponse.md
  - docs/Models/Requests/TransferCargoSecurity.md
  - docs/Models/Requests/TransferCargoTransferCargoRequest.md
  - docs/Models/Requests/TransferCargoRequest.md
  - docs/Models/Requests/TransferCargoData.md
  - docs/Models/Requests/TransferCargoTransferCargo200Response.md
  - docs/Models/Requests/TransferCargoResponse.md
  - docs/Models/Requests/NegotiateContractSecurity.md
  - docs/Models/Requests/NegotiateContractRequest.md
  - docs/Models/Requests/NegotiateContractData.md
  - docs/Models/Requests/NegotiateContractNegotiateContract200Response.md
  - docs/Models/Requests/NegotiateContractResponse.md
  - docs/Models/Requests/GetMountsSecurity.md
  - docs/Models/Requests/GetMountsRequest.md
  - docs/Models/Requests/GetMountsGetMounts200Response.md
  - docs/Models/Requests/GetMountsResponse.md
  - docs/Models/Requests/InstallMountSecurity.md
  - docs/Models/Requests/InstallMountInstallMountRequest.md
  - docs/Models/Requests/InstallMountRequest.md
  - docs/Models/Requests/InstallMountData.md
  - docs/Models/Requests/InstallMountInstallMount201Response.md
  - docs/Models/Requests/InstallMountResponse.md
  - docs/Models/Requests/RemoveMountSecurity.md
  - docs/Models/Requests/RemoveMountRemoveMountRequest.md
  - docs/Models/Requests/RemoveMountRequest.md
  - docs/Models/Requests/RemoveMountData.md
  - docs/Models/Requests/RemoveMountRemoveMount201Response.md
  - docs/Models/Requests/RemoveMountResponse.md
  - docs/Models/Requests/GetScrapShipSecurity.md
  - docs/Models/Requests/GetScrapShipRequest.md
  - docs/Models/Requests/GetScrapShipData.md
  - docs/Models/Requests/GetScrapShipResponseBody.md
  - docs/Models/Requests/GetScrapShipResponse.md
  - docs/Models/Requests/ScrapShipSecurity.md
  - docs/Models/Requests/ScrapShipRequest.md
  - docs/Models/Requests/ScrapShipData.md
  - docs/Models/Requests/ScrapShipResponseBody.md
  - docs/Models/Requests/ScrapShipResponse.md
  - docs/Models/Requests/GetRepairShipSecurity.md
  - docs/Models/Requests/GetRepairShipRequest.md
  - docs/Models/Requests/GetRepairShipData.md
  - docs/Models/Requests/GetRepairShipResponseBody.md
  - docs/Models/Requests/GetRepairShipResponse.md
  - docs/Models/Requests/RepairShipSecurity.md
  - docs/Models/Requests/RepairShipRequest.md
  - docs/Models/Requests/RepairShipData.md
  - docs/Models/Requests/RepairShipResponseBody.md
  - docs/Models/Requests/RepairShipResponse.md
  - docs/Models/Components/ShipRoleJson.md
  - docs/Models/Components/ShipRegistrationJson.md
  - docs/Models/Components/WaypointTypeJsonWaypointTypeJson.md
  - docs/Models/Components/ShipNavRouteWaypointJson.md
  - docs/Models/Components/ShipNavRouteJson.md
  - docs/Models/Components/ShipNavStatusJson.md
  - docs/Models/Components/ShipNavFlightModeJsonShipNavFlightModeJson.md
  - docs/Models/Components/ShipNavJsonShipNavJson.md
  - docs/Models/Components/Rotation.md
  - docs/Models/Components/ShipCrewJson.md
  - docs/Models/Components/Symbol.md
  - docs/Models/Components/ShipFrameJson.md
  - docs/Models/Components/ShipReactorJsonSymbol.md
  - docs/Models/Components/ShipReactorJson.md
  - docs/Models/Components/ShipEngineJsonSymbol.md
  - docs/Models/Components/ShipEngineJson.md
  - docs/Models/Components/CooldownJsonCooldownJson.md
  - docs/Models/Components/ShipModuleJsonSymbol.md
  - docs/Models/Components/ShipModuleJson.md
  - docs/Models/Components/ShipMountJsonSymbol.md
  - docs/Models/Components/Deposits.md
  - docs/Models/Components/ShipRequirementsJson.md
  - docs/Models/Components/ShipMountJsonShipMountJson.md
  - docs/Models/Components/TradeSymbolJsonTradeSymbolJson.md
  - docs/Models/Components/ShipCargoItemJson.md
  - docs/Models/Components/ShipCargoJsonShipCargoJson.md
  - docs/Models/Components/Consumed.md
  - docs/Models/Components/ShipFuelJsonShipFuelJson.md
  - docs/Models/Components/ShipJson.md
  - docs/Models/Components/FactionSymbolJsonFactionSymbolJson.md
  - docs/Models/Components/FactionTraitSymbolJson.md
  - docs/Models/Components/FactionTraitJson.md
  - docs/Models/Components/FactionJson.md
  - docs/Models/Components/Type.md
  - docs/Models/Components/ContractPaymentJson.md
  - docs/Models/Components/ContractDeliverGoodJson.md
  - docs/Models/Components/ContractTermsJson.md
  - docs/Models/Components/ContractJson.md
  - docs/Models/Components/AgentJson.md
  - docs/Models/Components/FactionSymbolJson.md
  - docs/Models/Components/MetaJson.md
  - docs/Models/Components/SystemTypeJson.md
  - docs/Models/Components/WaypointOrbitalJson.md
  - docs/Models/Components/SystemWaypointJson.md
  - docs/Models/Components/SystemFactionJson.md
  - docs/Models/Components/SystemJson.md
  - docs/Models/Components/WaypointFactionJson.md
  - docs/Models/Components/WaypointTraitSymbolJson.md
  - docs/Models/Components/WaypointTraitJson.md
  - docs/Models/Components/WaypointModifierSymbolJson.md
  - docs/Models/Components/WaypointModifierJson.md
  - docs/Models/Components/ChartJsonChartJson.md
  - docs/Models/Components/WaypointJson.md
  - docs/Models/Components/WaypointTypeJson.md
  - docs/Models/Components/TradeGoodJson.md
  - docs/Models/Components/MarketTransactionJsonType.md
  - docs/Models/Components/MarketTransactionJsonMarketTransactionJson.md
  - docs/Models/Components/MarketTradeGoodJsonType.md
  - docs/Models/Components/SupplyLevelJson.md
  - docs/Models/Components/ActivityLevelJson.md
  - docs/Models/Components/MarketTradeGoodJson.md
  - docs/Models/Components/MarketJson.md
  - docs/Models/Components/ShipTypes.md
  - docs/Models/Components/ShipyardTransactionJsonShipyardTransactionJson.md
  - docs/Models/Components/ShipTypeJsonShipTypeJson.md
  - docs/Models/Components/Crew.md
  - docs/Models/Components/ShipyardShipJson.md
  - docs/Models/Components/ShipyardJson.md
  - docs/Models/Components/JumpGateJson.md
  - docs/Models/Components/ConstructionMaterialJson.md
  - docs/Models/Components/ConstructionJson.md
  - docs/Models/Components/ShipCargoJson.md
  - docs/Models/Components/ShipyardTransactionJson.md
  - docs/Models/Components/ShipTypeJson.md
  - docs/Models/Components/ShipNavJson.md
  - docs/Models/Components/CooldownJson.md
  - docs/Models/Components/ChartJson.md
  - docs/Models/Components/SurveyDepositJson.md
  - docs/Models/Components/Size.md
  - docs/Models/Components/SurveyJson.md
  - docs/Models/Components/ExtractionYieldJson.md
  - docs/Models/Components/ExtractionJson.md
  - docs/Models/Components/SiphonYieldJson.md
  - docs/Models/Components/SiphonJson.md
  - docs/Models/Components/TradeSymbolJson.md
  - docs/Models/Components/MarketTransactionJsonType1.md
  - docs/Models/Components/MarketTransactionJson.md
  - docs/Models/Components/ShipFuelJsonConsumed.md
  - docs/Models/Components/ShipFuelJson.md
  - docs/Models/Components/ShipNavFlightModeJson.md
  - docs/Models/Components/ScannedSystemJson.md
  - docs/Models/Components/ScannedWaypointJson.md
  - docs/Models/Components/Frame.md
  - docs/Models/Components/Reactor.md
  - docs/Models/Components/Engine.md
  - docs/Models/Components/Mounts.md
  - docs/Models/Components/ScannedShipJson.md
  - docs/Models/Components/ShipMountJsonSymbol1.md
  - docs/Models/Components/ShipMountJsonDeposits.md
  - docs/Models/Components/ShipMountJson.md
  - docs/Models/Components/ShipModificationTransactionJson.md
  - docs/Models/Components/ScrapTransactionJson.md
  - docs/Models/Components/RepairTransactionJson.md
  - docs/Models/Components/Security.md
  - docs/sdks/seunitysdk/README.md
  - docs/sdks/systems/README.md
  - docs/sdks/factions/README.md
  - docs/sdks/agents/README.md
  - docs/sdks/contracts/README.md
  - docs/sdks/fleet/README.md
  - USAGE.md
  - .gitattributes
